
Microsoft Visual Studio Solution File, Format Version 12.00
# Visual Studio Version 17
VisualStudioVersion = 17.9.34701.34
MinimumVisualStudioVersion = 10.0.40219.1
Project("{8BC9CEB8-8B4A-11D0-8D11-00A0C91BC942}") = "ConsoleApplication17", "ConsoleApplication17\ConsoleApplication17.vcxproj", "{FA29BCF4-C168-4C90-BB7F-B2E004E19E5D}"
EndProject
Global
	GlobalSection(SolutionConfigurationPlatforms) = preSolution
		Debug|x64 = Debug|x64
		Debug|x86 = Debug|x86
		Release|x64 = Release|x64
		Release|x86 = Release|x86
	EndGlobalSection
	GlobalSection(ProjectConfigurationPlatforms) = postSolution
		{FA29BCF4-C168-4C90-BB7F-B2E004E19E5D}.Debug|x64.ActiveCfg = Debug|x64
		{FA29BCF4-C168-4C90-BB7F-B2E004E19E5D}.Debug|x64.Build.0 = Debug|x64
		{FA29BCF4-C168-4C90-BB7F-B2E004E19E5D}.Debug|x86.ActiveCfg = Debug|Win32
		{FA29BCF4-C168-4C90-BB7F-B2E004E19E5D}.Debug|x86.Build.0 = Debug|Win32
		{FA29BCF4-C168-4C90-BB7F-B2E004E19E5D}.Release|x64.ActiveCfg = Release|x64
		{FA29BCF4-C168-4C90-BB7F-B2E004E19E5D}.Release|x64.Build.0 = Release|x64
		{FA29BCF4-C168-4C90-BB7F-B2E004E19E5D}.Release|x86.ActiveCfg = Release|Win32
		{FA29BCF4-C168-4C90-BB7F-B2E004E19E5D}.Release|x86.Build.0 = Release|Win32
	EndGlobalSection
	GlobalSection(SolutionProperties) = preSolution
		HideSolutionNode = FALSE
	EndGlobalSection
	GlobalSection(ExtensibilityGlobals) = postSolution
		SolutionGuid = {C4D2561A-7648-44D7-AF87-4BD7744A13C6}
	EndGlobalSection
EndGlobal
